
Microsoft Visual Studio Solution File, Format Version 12.00
# Visual Studio Version 16
VisualStudioVersion = 16.0.30320.27
MinimumVisualStudioVersion = 10.0.40219.1
Project("{9A19103F-16F7-4668-BE54-9A1E7A4F7556}") = "ConsoleApp1", "ConsoleApp1.csproj", "{89FB4E9F-1D9B-4964-9B76-25CB9A7F1063}"
EndProject
Global
	GlobalSection(SolutionConfigurationPlatforms) = preSolution
		Debug|Any CPU = Debug|Any CPU
		Release|Any CPU = Release|Any CPU
	EndGlobalSection
	GlobalSection(ProjectConfigurationPlatforms) = postSolution
		{89FB4E9F-1D9B-4964-9B76-25CB9A7F1063}.Debug|Any CPU.ActiveCfg = Debug|Any CPU
		{89FB4E9F-1D9B-4964-9B76-25CB9A7F1063}.Debug|Any CPU.Build.0 = Debug|Any CPU
		{89FB4E9F-1D9B-4964-9B76-25CB9A7F1063}.Release|Any CPU.ActiveCfg = Release|Any CPU
		{89FB4E9F-1D9B-4964-9B76-25CB9A7F1063}.Release|Any CPU.Build.0 = Release|Any CPU
	EndGlobalSection
	GlobalSection(SolutionProperties) = preSolution
		HideSolutionNode = FALSE
	EndGlobalSection
	GlobalSection(ExtensibilityGlobals) = postSolution
		SolutionGuid = {7386E6B0-C004-4842-97CD-287DE039903F}
	EndGlobalSection
EndGlobal
