
Microsoft Visual Studio Solution File, Format Version 12.00
# Visual Studio Version 16
VisualStudioVersion = 16.0.30320.27
MinimumVisualStudioVersion = 10.0.40219.1
Project("{FAE04EC0-301F-11D3-BF4B-00C04F79EFBC}") = "FigureDelegate", "FigureDelegate\FigureDelegate.csproj", "{B6D24271-DEC1-4640-BAC1-9CF568719FD4}"
EndProject
Project("{FAE04EC0-301F-11D3-BF4B-00C04F79EFBC}") = "FigureDelegate2", "..\FigureDelegate2\FigureDelegate2.csproj", "{BB3508CA-602C-454A-AB00-8B3638548879}"
EndProject
Global
	GlobalSection(SolutionConfigurationPlatforms) = preSolution
		Debug|Any CPU = Debug|Any CPU
		Release|Any CPU = Release|Any CPU
	EndGlobalSection
	GlobalSection(ProjectConfigurationPlatforms) = postSolution
		{B6D24271-DEC1-4640-BAC1-9CF568719FD4}.Debug|Any CPU.ActiveCfg = Debug|Any CPU
		{B6D24271-DEC1-4640-BAC1-9CF568719FD4}.Debug|Any CPU.Build.0 = Debug|Any CPU
		{B6D24271-DEC1-4640-BAC1-9CF568719FD4}.Release|Any CPU.ActiveCfg = Release|Any CPU
		{B6D24271-DEC1-4640-BAC1-9CF568719FD4}.Release|Any CPU.Build.0 = Release|Any CPU
		{BB3508CA-602C-454A-AB00-8B3638548879}.Debug|Any CPU.ActiveCfg = Debug|Any CPU
		{BB3508CA-602C-454A-AB00-8B3638548879}.Debug|Any CPU.Build.0 = Debug|Any CPU
		{BB3508CA-602C-454A-AB00-8B3638548879}.Release|Any CPU.ActiveCfg = Release|Any CPU
		{BB3508CA-602C-454A-AB00-8B3638548879}.Release|Any CPU.Build.0 = Release|Any CPU
	EndGlobalSection
	GlobalSection(SolutionProperties) = preSolution
		HideSolutionNode = FALSE
	EndGlobalSection
	GlobalSection(ExtensibilityGlobals) = postSolution
		SolutionGuid = {6C4B0E2D-8E51-486F-8B09-A3EA710AB353}
	EndGlobalSection
EndGlobal
