
Microsoft Visual Studio Solution File, Format Version 12.00
# Visual Studio Version 16
VisualStudioVersion = 16.0.30320.27
MinimumVisualStudioVersion = 10.0.40219.1
Project("{FAE04EC0-301F-11D3-BF4B-00C04F79EFBC}") = "Facullty", "Facullty\Facullty.csproj", "{64CD52E1-9445-4AD5-BD9D-B40694AAECA3}"
EndProject
Global
	GlobalSection(SolutionConfigurationPlatforms) = preSolution
		Debug|Any CPU = Debug|Any CPU
		Release|Any CPU = Release|Any CPU
	EndGlobalSection
	GlobalSection(ProjectConfigurationPlatforms) = postSolution
		{64CD52E1-9445-4AD5-BD9D-B40694AAECA3}.Debug|Any CPU.ActiveCfg = Debug|Any CPU
		{64CD52E1-9445-4AD5-BD9D-B40694AAECA3}.Debug|Any CPU.Build.0 = Debug|Any CPU
		{64CD52E1-9445-4AD5-BD9D-B40694AAECA3}.Release|Any CPU.ActiveCfg = Release|Any CPU
		{64CD52E1-9445-4AD5-BD9D-B40694AAECA3}.Release|Any CPU.Build.0 = Release|Any CPU
	EndGlobalSection
	GlobalSection(SolutionProperties) = preSolution
		HideSolutionNode = FALSE
	EndGlobalSection
	GlobalSection(ExtensibilityGlobals) = postSolution
		SolutionGuid = {62CDD6C6-AE47-444D-B34D-EE29E54375D6}
	EndGlobalSection
EndGlobal
